
Microsoft Visual Studio Solution File, Format Version 12.00
# Visual Studio Version 17
VisualStudioVersion = 17.5.002.0
MinimumVisualStudioVersion = 10.0.40219.1
Project("{9A19103F-16F7-4668-BE54-9A1E7A4F7556}") = "SecurityProject-6", "SecurityProject-6.csproj", "{0A863651-812C-475B-8E4E-CFB0D171469E}"
EndProject
Global
	GlobalSection(SolutionConfigurationPlatforms) = preSolution
		Debug|Any CPU = Debug|Any CPU
		Release|Any CPU = Release|Any CPU
	EndGlobalSection
	GlobalSection(ProjectConfigurationPlatforms) = postSolution
		{0A863651-812C-475B-8E4E-CFB0D171469E}.Debug|Any CPU.ActiveCfg = Debug|Any CPU
		{0A863651-812C-475B-8E4E-CFB0D171469E}.Debug|Any CPU.Build.0 = Debug|Any CPU
		{0A863651-812C-475B-8E4E-CFB0D171469E}.Release|Any CPU.ActiveCfg = Release|Any CPU
		{0A863651-812C-475B-8E4E-CFB0D171469E}.Release|Any CPU.Build.0 = Release|Any CPU
	EndGlobalSection
	GlobalSection(SolutionProperties) = preSolution
		HideSolutionNode = FALSE
	EndGlobalSection
	GlobalSection(ExtensibilityGlobals) = postSolution
		SolutionGuid = {6877FD17-D714-4CDD-8BB6-11EE9453EBF1}
	EndGlobalSection
EndGlobal
